// !$*UTF8*$!
{
	archiveVersion = 1;
	classes = {
	};
	objectVersion = 46;
	objects = {

/* Begin PBXBuildFile section */
		0F2CF76E17D94875008D518B /* UIImageView+AFFNImage.h in CopyFiles */ = {isa = PBXBuildFile; fileRef = 0FBC9BC717C4640400FEFEC8 /* UIImageView+AFFNImage.h */; };
		0F2CF76F17D94875008D518B /* AFFNImageManager.h in CopyFiles */ = {isa = PBXBuildFile; fileRef = 0FBC9BCC17C4644700FEFEC8 /* AFFNImageManager.h */; };
		0F2CF77017D94891008D518B /* UIImageView+AFFNImage.h in Resources */ = {isa = PBXBuildFile; fileRef = 0FBC9BC717C4640400FEFEC8 /* UIImageView+AFFNImage.h */; };
		0F2CF77117D94891008D518B /* AFFNImageManager.h in Resources */ = {isa = PBXBuildFile; fileRef = 0FBC9BCC17C4644700FEFEC8 /* AFFNImageManager.h */; };
		0F2F182C17C039EA005A411F /* AFFNStreamingRequest.m in Sources */ = {isa = PBXBuildFile; fileRef = 0F2F182B17C039EA005A411F /* AFFNStreamingRequest.m */; };
		0F2F182D17C04E63005A411F /* AFFNStreamingRequest.m in Sources */ = {isa = PBXBuildFile; fileRef = 0F2F182B17C039EA005A411F /* AFFNStreamingRequest.m */; };
		0F41DEC817C5ACF1001B0205 /* ViewController.m in Sources */ = {isa = PBXBuildFile; fileRef = 0F41DEC717C5ACF1001B0205 /* ViewController.m */; };
		0F41DECA17C5AF2A001B0205 /* logo.png in Resources */ = {isa = PBXBuildFile; fileRef = 0F41DEC917C5AF2A001B0205 /* logo.png */; };
		0F85C08317B67BDD00922D58 /* UIKit.framework in Frameworks */ = {isa = PBXBuildFile; fileRef = 0F85C08217B67BDD00922D58 /* UIKit.framework */; };
		0F85C08417B67BDD00922D58 /* Foundation.framework in Frameworks */ = {isa = PBXBuildFile; fileRef = 0F8F996E17B1C02A00671F6F /* Foundation.framework */; };
		0F85C08617B67BDD00922D58 /* CoreGraphics.framework in Frameworks */ = {isa = PBXBuildFile; fileRef = 0F85C08517B67BDD00922D58 /* CoreGraphics.framework */; };
		0F85C08C17B67BDD00922D58 /* InfoPlist.strings in Resources */ = {isa = PBXBuildFile; fileRef = 0F85C08A17B67BDD00922D58 /* InfoPlist.strings */; };
		0F85C08E17B67BDD00922D58 /* main.m in Sources */ = {isa = PBXBuildFile; fileRef = 0F85C08D17B67BDD00922D58 /* main.m */; };
		0F85C09217B67BDD00922D58 /* AppDelegate.m in Sources */ = {isa = PBXBuildFile; fileRef = 0F85C09117B67BDD00922D58 /* AppDelegate.m */; };
		0F85C09417B67BDD00922D58 /* Default.png in Resources */ = {isa = PBXBuildFile; fileRef = 0F85C09317B67BDD00922D58 /* Default.png */; };
		0F85C09617B67BDD00922D58 /* Default@2x.png in Resources */ = {isa = PBXBuildFile; fileRef = 0F85C09517B67BDD00922D58 /* Default@2x.png */; };
		0F85C09817B67BDD00922D58 /* Default-568h@2x.png in Resources */ = {isa = PBXBuildFile; fileRef = 0F85C09717B67BDD00922D58 /* Default-568h@2x.png */; };
		0F8F996F17B1C02A00671F6F /* Foundation.framework in Frameworks */ = {isa = PBXBuildFile; fileRef = 0F8F996E17B1C02A00671F6F /* Foundation.framework */; };
		0FBC9BC917C4640400FEFEC8 /* UIImageView+AFFNImage.m in Sources */ = {isa = PBXBuildFile; fileRef = 0FBC9BC817C4640400FEFEC8 /* UIImageView+AFFNImage.m */; };
		0FBC9BCB17C4642100FEFEC8 /* UIImageView+AFFNImage.m in Sources */ = {isa = PBXBuildFile; fileRef = 0FBC9BC817C4640400FEFEC8 /* UIImageView+AFFNImage.m */; };
		0FBC9BCE17C4644700FEFEC8 /* AFFNImageManager.m in Sources */ = {isa = PBXBuildFile; fileRef = 0FBC9BCD17C4644700FEFEC8 /* AFFNImageManager.m */; };
		0FBC9BCF17C4644700FEFEC8 /* AFFNImageManager.m in Sources */ = {isa = PBXBuildFile; fileRef = 0FBC9BCD17C4644700FEFEC8 /* AFFNImageManager.m */; };
		0FBEF8AB17C1C5C8009F0640 /* AFFNCallbackObject.h in CopyFiles */ = {isa = PBXBuildFile; fileRef = 76DB151017BF37D900CE127E /* AFFNCallbackObject.h */; };
		0FBEF8AC17C1C5C8009F0640 /* AFFNManager.h in CopyFiles */ = {isa = PBXBuildFile; fileRef = 76DB151317BF37D900CE127E /* AFFNManager.h */; };
		0FBEF8AD17C1C5C8009F0640 /* AFFNRequest.h in CopyFiles */ = {isa = PBXBuildFile; fileRef = 76DB151617BF37D900CE127E /* AFFNRequest.h */; };
		0FBEF8AE17C1C5C8009F0640 /* AFFNStreamingRequest.h in CopyFiles */ = {isa = PBXBuildFile; fileRef = 0F2F182A17C039EA005A411F /* AFFNStreamingRequest.h */; };
		0FBEF8C017C1C76C009F0640 /* AFFNCallbackObject.h in Resources */ = {isa = PBXBuildFile; fileRef = 76DB151017BF37D900CE127E /* AFFNCallbackObject.h */; };
		0FBEF8C217C1C76C009F0640 /* AFFNManager.h in Resources */ = {isa = PBXBuildFile; fileRef = 76DB151317BF37D900CE127E /* AFFNManager.h */; };
		0FBEF8C417C1C76C009F0640 /* AFFNRequest.h in Resources */ = {isa = PBXBuildFile; fileRef = 76DB151617BF37D900CE127E /* AFFNRequest.h */; };
		0FBEF8C617C1C76C009F0640 /* AFFNStreamingRequest.h in Resources */ = {isa = PBXBuildFile; fileRef = 0F2F182A17C039EA005A411F /* AFFNStreamingRequest.h */; };
		0FC367C417E00D2B00DB3620 /* CoreFoundation.framework in Frameworks */ = {isa = PBXBuildFile; fileRef = 0FBEF8B417C1C719009F0640 /* CoreFoundation.framework */; };
		76DB151817BF37D900CE127E /* AFFNCallbackObject.m in Sources */ = {isa = PBXBuildFile; fileRef = 76DB151117BF37D900CE127E /* AFFNCallbackObject.m */; };
		76DB151917BF37D900CE127E /* AFFNCallbackObject.m in Sources */ = {isa = PBXBuildFile; fileRef = 76DB151117BF37D900CE127E /* AFFNCallbackObject.m */; };
		76DB151A17BF37D900CE127E /* AFFNManager.m in Sources */ = {isa = PBXBuildFile; fileRef = 76DB151417BF37D900CE127E /* AFFNManager.m */; };
		76DB151B17BF37D900CE127E /* AFFNManager.m in Sources */ = {isa = PBXBuildFile; fileRef = 76DB151417BF37D900CE127E /* AFFNManager.m */; };
		76DB151C17BF37D900CE127E /* AFFNRequest.m in Sources */ = {isa = PBXBuildFile; fileRef = 76DB151717BF37D900CE127E /* AFFNRequest.m */; };
		76DB151D17BF37D900CE127E /* AFFNRequest.m in Sources */ = {isa = PBXBuildFile; fileRef = 76DB151717BF37D900CE127E /* AFFNRequest.m */; };
/* End PBXBuildFile section */

/* Begin PBXCopyFilesBuildPhase section */
		0F8F996917B1C02A00671F6F /* CopyFiles */ = {
			isa = PBXCopyFilesBuildPhase;
			buildActionMask = 12;
			dstPath = "include/${PRODUCT_NAME}";
			dstSubfolderSpec = 16;
			files = (
				0F2CF76E17D94875008D518B /* UIImageView+AFFNImage.h in CopyFiles */,
				0F2CF76F17D94875008D518B /* AFFNImageManager.h in CopyFiles */,
				0FBEF8AB17C1C5C8009F0640 /* AFFNCallbackObject.h in CopyFiles */,
				0FBEF8AC17C1C5C8009F0640 /* AFFNManager.h in CopyFiles */,
				0FBEF8AD17C1C5C8009F0640 /* AFFNRequest.h in CopyFiles */,
				0FBEF8AE17C1C5C8009F0640 /* AFFNStreamingRequest.h in CopyFiles */,
			);
			runOnlyForDeploymentPostprocessing = 0;
		};
/* End PBXCopyFilesBuildPhase section */

/* Begin PBXFileReference section */
		0F2F182A17C039EA005A411F /* AFFNStreamingRequest.h */ = {isa = PBXFileReference; fileEncoding = 4; lastKnownFileType = sourcecode.c.h; path = AFFNStreamingRequest.h; sourceTree = "<group>"; };
		0F2F182B17C039EA005A411F /* AFFNStreamingRequest.m */ = {isa = PBXFileReference; fileEncoding = 4; lastKnownFileType = sourcecode.c.objc; path = AFFNStreamingRequest.m; sourceTree = "<group>"; };
		0F41DEC617C5ACF1001B0205 /* ViewController.h */ = {isa = PBXFileReference; fileEncoding = 4; lastKnownFileType = sourcecode.c.h; path = ViewController.h; sourceTree = "<group>"; };
		0F41DEC717C5ACF1001B0205 /* ViewController.m */ = {isa = PBXFileReference; fileEncoding = 4; lastKnownFileType = sourcecode.c.objc; path = ViewController.m; sourceTree = "<group>"; };
		0F41DEC917C5AF2A001B0205 /* logo.png */ = {isa = PBXFileReference; lastKnownFileType = image.png; path = logo.png; sourceTree = "<group>"; };
		0F85C08117B67BDD00922D58 /* AFFNetworkingTestHarness.app */ = {isa = PBXFileReference; explicitFileType = wrapper.application; includeInIndex = 0; path = AFFNetworkingTestHarness.app; sourceTree = BUILT_PRODUCTS_DIR; };
		0F85C08217B67BDD00922D58 /* UIKit.framework */ = {isa = PBXFileReference; lastKnownFileType = wrapper.framework; name = UIKit.framework; path = System/Library/Frameworks/UIKit.framework; sourceTree = SDKROOT; };
		0F85C08517B67BDD00922D58 /* CoreGraphics.framework */ = {isa = PBXFileReference; lastKnownFileType = wrapper.framework; name = CoreGraphics.framework; path = System/Library/Frameworks/CoreGraphics.framework; sourceTree = SDKROOT; };
		0F85C08917B67BDD00922D58 /* AFFNetworkingTestHarness-Info.plist */ = {isa = PBXFileReference; lastKnownFileType = text.plist.xml; path = "AFFNetworkingTestHarness-Info.plist"; sourceTree = "<group>"; };
		0F85C08B17B67BDD00922D58 /* en */ = {isa = PBXFileReference; lastKnownFileType = text.plist.strings; name = en; path = en.lproj/InfoPlist.strings; sourceTree = "<group>"; };
		0F85C08D17B67BDD00922D58 /* main.m */ = {isa = PBXFileReference; lastKnownFileType = sourcecode.c.objc; path = main.m; sourceTree = "<group>"; };
		0F85C08F17B67BDD00922D58 /* AFFNetworkingTestHarness-Prefix.pch */ = {isa = PBXFileReference; lastKnownFileType = sourcecode.c.h; path = "AFFNetworkingTestHarness-Prefix.pch"; sourceTree = "<group>"; };
		0F85C09017B67BDD00922D58 /* AppDelegate.h */ = {isa = PBXFileReference; lastKnownFileType = sourcecode.c.h; path = AppDelegate.h; sourceTree = "<group>"; };
		0F85C09117B67BDD00922D58 /* AppDelegate.m */ = {isa = PBXFileReference; lastKnownFileType = sourcecode.c.objc; path = AppDelegate.m; sourceTree = "<group>"; };
		0F85C09317B67BDD00922D58 /* Default.png */ = {isa = PBXFileReference; lastKnownFileType = image.png; path = Default.png; sourceTree = "<group>"; };
		0F85C09517B67BDD00922D58 /* Default@2x.png */ = {isa = PBXFileReference; lastKnownFileType = image.png; path = "Default@2x.png"; sourceTree = "<group>"; };
		0F85C09717B67BDD00922D58 /* Default-568h@2x.png */ = {isa = PBXFileReference; lastKnownFileType = image.png; path = "Default-568h@2x.png"; sourceTree = "<group>"; };
		0F8F996B17B1C02A00671F6F /* libAFFNetworking.a */ = {isa = PBXFileReference; explicitFileType = archive.ar; includeInIndex = 0; path = libAFFNetworking.a; sourceTree = BUILT_PRODUCTS_DIR; };
		0F8F996E17B1C02A00671F6F /* Foundation.framework */ = {isa = PBXFileReference; lastKnownFileType = wrapper.framework; name = Foundation.framework; path = System/Library/Frameworks/Foundation.framework; sourceTree = SDKROOT; };
		0FBC9BC717C4640400FEFEC8 /* UIImageView+AFFNImage.h */ = {isa = PBXFileReference; fileEncoding = 4; lastKnownFileType = sourcecode.c.h; path = "UIImageView+AFFNImage.h"; sourceTree = "<group>"; };
		0FBC9BC817C4640400FEFEC8 /* UIImageView+AFFNImage.m */ = {isa = PBXFileReference; fileEncoding = 4; lastKnownFileType = sourcecode.c.objc; path = "UIImageView+AFFNImage.m"; sourceTree = "<group>"; };
		0FBC9BCC17C4644700FEFEC8 /* AFFNImageManager.h */ = {isa = PBXFileReference; fileEncoding = 4; lastKnownFileType = sourcecode.c.h; path = AFFNImageManager.h; sourceTree = "<group>"; };
		0FBC9BCD17C4644700FEFEC8 /* AFFNImageManager.m */ = {isa = PBXFileReference; fileEncoding = 4; lastKnownFileType = sourcecode.c.objc; path = AFFNImageManager.m; sourceTree = "<group>"; };
		0FBEF8B317C1C719009F0640 /* AFFNetworking-Resources.bundle */ = {isa = PBXFileReference; explicitFileType = wrapper.cfbundle; includeInIndex = 0; path = "AFFNetworking-Resources.bundle"; sourceTree = BUILT_PRODUCTS_DIR; };
		0FBEF8B417C1C719009F0640 /* CoreFoundation.framework */ = {isa = PBXFileReference; lastKnownFileType = wrapper.framework; name = CoreFoundation.framework; path = System/Library/Frameworks/CoreFoundation.framework; sourceTree = SDKROOT; };
		0FBEF8B817C1C71A009F0640 /* AFFNetworking-Resources-Info.plist */ = {isa = PBXFileReference; lastKnownFileType = text.plist.xml; path = "AFFNetworking-Resources-Info.plist"; sourceTree = "<group>"; };
		0FBEF8BA17C1C71A009F0640 /* en */ = {isa = PBXFileReference; lastKnownFileType = text.plist.strings; name = en; path = en.lproj/InfoPlist.strings; sourceTree = "<group>"; };
		0FBEF8BC17C1C71A009F0640 /* AFFNetworking-Resources-Prefix.pch */ = {isa = PBXFileReference; lastKnownFileType = sourcecode.c.h; path = "AFFNetworking-Resources-Prefix.pch"; sourceTree = "<group>"; };
		0FC3676A17DFF5A100DB3620 /* AFFNCallbackObject.h */ = {isa = PBXFileReference; fileEncoding = 4; lastKnownFileType = sourcecode.c.h; path = AFFNCallbackObject.h; sourceTree = "<group>"; };
		0FC3676B17DFF5A100DB3620 /* AFFNImageManager.h */ = {isa = PBXFileReference; fileEncoding = 4; lastKnownFileType = sourcecode.c.h; path = AFFNImageManager.h; sourceTree = "<group>"; };
		0FC3676C17DFF5A100DB3620 /* AFFNManager.h */ = {isa = PBXFileReference; fileEncoding = 4; lastKnownFileType = sourcecode.c.h; path = AFFNManager.h; sourceTree = "<group>"; };
		0FC3676D17DFF5A100DB3620 /* AFFNRequest.h */ = {isa = PBXFileReference; fileEncoding = 4; lastKnownFileType = sourcecode.c.h; path = AFFNRequest.h; sourceTree = "<group>"; };
		0FC3676E17DFF5A100DB3620 /* AFFNStreamingRequest.h */ = {isa = PBXFileReference; fileEncoding = 4; lastKnownFileType = sourcecode.c.h; path = AFFNStreamingRequest.h; sourceTree = "<group>"; };
		0FC3676F17DFF5A100DB3620 /* UIImageView+AFFNImage.h */ = {isa = PBXFileReference; fileEncoding = 4; lastKnownFileType = sourcecode.c.h; path = "UIImageView+AFFNImage.h"; sourceTree = "<group>"; };
		76DB151017BF37D900CE127E /* AFFNCallbackObject.h */ = {isa = PBXFileReference; fileEncoding = 4; lastKnownFileType = sourcecode.c.h; path = AFFNCallbackObject.h; sourceTree = "<group>"; };
		76DB151117BF37D900CE127E /* AFFNCallbackObject.m */ = {isa = PBXFileReference; fileEncoding = 4; lastKnownFileType = sourcecode.c.objc; path = AFFNCallbackObject.m; sourceTree = "<group>"; };
		76DB151317BF37D900CE127E /* AFFNManager.h */ = {isa = PBXFileReference; fileEncoding = 4; lastKnownFileType = sourcecode.c.h; path = AFFNManager.h; sourceTree = "<group>"; };
		76DB151417BF37D900CE127E /* AFFNManager.m */ = {isa = PBXFileReference; fileEncoding = 4; lastKnownFileType = sourcecode.c.objc; path = AFFNManager.m; sourceTree = "<group>"; };
		76DB151617BF37D900CE127E /* AFFNRequest.h */ = {isa = PBXFileReference; fileEncoding = 4; lastKnownFileType = sourcecode.c.h; path = AFFNRequest.h; sourceTree = "<group>"; };
		76DB151717BF37D900CE127E /* AFFNRequest.m */ = {isa = PBXFileReference; fileEncoding = 4; lastKnownFileType = sourcecode.c.objc; path = AFFNRequest.m; sourceTree = "<group>"; };
		76DB151E17BF38F700CE127E /* AFFNetworking-Prefix.pch */ = {isa = PBXFileReference; fileEncoding = 4; lastKnownFileType = sourcecode.c.h; path = "AFFNetworking-Prefix.pch"; sourceTree = "<group>"; };
/* End PBXFileReference section */

/* Begin PBXFrameworksBuildPhase section */
		0F85C07E17B67BDD00922D58 /* Frameworks */ = {
			isa = PBXFrameworksBuildPhase;
			buildActionMask = 2147483647;
			files = (
				0F85C08317B67BDD00922D58 /* UIKit.framework in Frameworks */,
				0F85C08417B67BDD00922D58 /* Foundation.framework in Frameworks */,
				0F85C08617B67BDD00922D58 /* CoreGraphics.framework in Frameworks */,
			);
			runOnlyForDeploymentPostprocessing = 0;
		};
		0F8F996817B1C02A00671F6F /* Frameworks */ = {
			isa = PBXFrameworksBuildPhase;
			buildActionMask = 2147483647;
			files = (
				0F8F996F17B1C02A00671F6F /* Foundation.framework in Frameworks */,
			);
			runOnlyForDeploymentPostprocessing = 0;
		};
		0FBEF8B017C1C719009F0640 /* Frameworks */ = {
			isa = PBXFrameworksBuildPhase;
			buildActionMask = 2147483647;
			files = (
				0FC367C417E00D2B00DB3620 /* CoreFoundation.framework in Frameworks */,
			);
			runOnlyForDeploymentPostprocessing = 0;
		};
/* End PBXFrameworksBuildPhase section */

/* Begin PBXGroup section */
		0F85C08717B67BDD00922D58 /* AFFNetworkingTestHarness */ = {
			isa = PBXGroup;
			children = (
				0F41DEC917C5AF2A001B0205 /* logo.png */,
				0F85C09017B67BDD00922D58 /* AppDelegate.h */,
				0F85C09117B67BDD00922D58 /* AppDelegate.m */,
				0F85C08817B67BDD00922D58 /* Supporting Files */,
				0F41DEC617C5ACF1001B0205 /* ViewController.h */,
				0F41DEC717C5ACF1001B0205 /* ViewController.m */,
			);
			path = AFFNetworkingTestHarness;
			sourceTree = "<group>";
		};
		0F85C08817B67BDD00922D58 /* Supporting Files */ = {
			isa = PBXGroup;
			children = (
				76DB151E17BF38F700CE127E /* AFFNetworking-Prefix.pch */,
				0F85C08917B67BDD00922D58 /* AFFNetworkingTestHarness-Info.plist */,
				0F85C08F17B67BDD00922D58 /* AFFNetworkingTestHarness-Prefix.pch */,
				0F85C09717B67BDD00922D58 /* Default-568h@2x.png */,
				0F85C09317B67BDD00922D58 /* Default.png */,
				0F85C09517B67BDD00922D58 /* Default@2x.png */,
				0F85C08A17B67BDD00922D58 /* InfoPlist.strings */,
				0F85C08D17B67BDD00922D58 /* main.m */,
			);
			name = "Supporting Files";
			sourceTree = "<group>";
		};
		0F8F996217B1C02A00671F6F = {
			isa = PBXGroup;
			children = (
				76DB150E17BF37D900CE127E /* AFFNetworking */,
				0F85C08717B67BDD00922D58 /* AFFNetworkingTestHarness */,
				0FBEF8B617C1C71A009F0640 /* AFFNetworking-Resources */,
				0F8F996D17B1C02A00671F6F /* Frameworks */,
				0F8F996C17B1C02A00671F6F /* Products */,
				0FC3676817DFF5A100DB3620 /* include */,
			);
			sourceTree = "<group>";
		};
		0F8F996C17B1C02A00671F6F /* Products */ = {
			isa = PBXGroup;
			children = (
				0F8F996B17B1C02A00671F6F /* libAFFNetworking.a */,
				0F85C08117B67BDD00922D58 /* AFFNetworkingTestHarness.app */,
				0FBEF8B317C1C719009F0640 /* AFFNetworking-Resources.bundle */,
			);
			name = Products;
			sourceTree = "<group>";
		};
		0F8F996D17B1C02A00671F6F /* Frameworks */ = {
			isa = PBXGroup;
			children = (
				0F8F996E17B1C02A00671F6F /* Foundation.framework */,
				0F85C08217B67BDD00922D58 /* UIKit.framework */,
				0F85C08517B67BDD00922D58 /* CoreGraphics.framework */,
				0FBEF8B417C1C719009F0640 /* CoreFoundation.framework */,
			);
			name = Frameworks;
			sourceTree = "<group>";
		};
		0FBC9BC617C4638600FEFEC8 /* AFFNImage */ = {
			isa = PBXGroup;
			children = (
				0FBC9BC717C4640400FEFEC8 /* UIImageView+AFFNImage.h */,
				0FBC9BC817C4640400FEFEC8 /* UIImageView+AFFNImage.m */,
				0FBC9BCC17C4644700FEFEC8 /* AFFNImageManager.h */,
				0FBC9BCD17C4644700FEFEC8 /* AFFNImageManager.m */,
			);
			path = AFFNImage;
			sourceTree = "<group>";
		};
		0FBEF8B617C1C71A009F0640 /* AFFNetworking-Resources */ = {
			isa = PBXGroup;
			children = (
				0FBEF8B717C1C71A009F0640 /* Supporting Files */,
			);
			path = "AFFNetworking-Resources";
			sourceTree = "<group>";
		};
		0FBEF8B717C1C71A009F0640 /* Supporting Files */ = {
			isa = PBXGroup;
			children = (
				0FBEF8B817C1C71A009F0640 /* AFFNetworking-Resources-Info.plist */,
				0FBEF8B917C1C71A009F0640 /* InfoPlist.strings */,
				0FBEF8BC17C1C71A009F0640 /* AFFNetworking-Resources-Prefix.pch */,
			);
			name = "Supporting Files";
			sourceTree = "<group>";
		};
		0FC3676817DFF5A100DB3620 /* include */ = {
			isa = PBXGroup;
			children = (
				0FC3676917DFF5A100DB3620 /* AFFNetworking */,
			);
			path = include;
			sourceTree = "<group>";
		};
		0FC3676917DFF5A100DB3620 /* AFFNetworking */ = {
			isa = PBXGroup;
			children = (
				0FC3676A17DFF5A100DB3620 /* AFFNCallbackObject.h */,
				0FC3676B17DFF5A100DB3620 /* AFFNImageManager.h */,
				0FC3676C17DFF5A100DB3620 /* AFFNManager.h */,
				0FC3676D17DFF5A100DB3620 /* AFFNRequest.h */,
				0FC3676E17DFF5A100DB3620 /* AFFNStreamingRequest.h */,
				0FC3676F17DFF5A100DB3620 /* UIImageView+AFFNImage.h */,
			);
			path = AFFNetworking;
			sourceTree = "<group>";
		};
		76DB150E17BF37D900CE127E /* AFFNetworking */ = {
			isa = PBXGroup;
			children = (
				0FBC9BC617C4638600FEFEC8 /* AFFNImage */,
				76DB150F17BF37D900CE127E /* AFFNCallbackObject */,
				76DB151217BF37D900CE127E /* AFFNManager */,
				76DB151517BF37D900CE127E /* AFFNRequest */,
			);
			path = AFFNetworking;
			sourceTree = "<group>";
		};
		76DB150F17BF37D900CE127E /* AFFNCallbackObject */ = {
			isa = PBXGroup;
			children = (
				76DB151017BF37D900CE127E /* AFFNCallbackObject.h */,
				76DB151117BF37D900CE127E /* AFFNCallbackObject.m */,
			);
			path = AFFNCallbackObject;
			sourceTree = "<group>";
		};
		76DB151217BF37D900CE127E /* AFFNManager */ = {
			isa = PBXGroup;
			children = (
				76DB151317BF37D900CE127E /* AFFNManager.h */,
				76DB151417BF37D900CE127E /* AFFNManager.m */,
			);
			path = AFFNManager;
			sourceTree = "<group>";
		};
		76DB151517BF37D900CE127E /* AFFNRequest */ = {
			isa = PBXGroup;
			children = (
				76DB151617BF37D900CE127E /* AFFNRequest.h */,
				76DB151717BF37D900CE127E /* AFFNRequest.m */,
				0F2F182A17C039EA005A411F /* AFFNStreamingRequest.h */,
				0F2F182B17C039EA005A411F /* AFFNStreamingRequest.m */,
			);
			path = AFFNRequest;
			sourceTree = "<group>";
		};
/* End PBXGroup section */

/* Begin PBXNativeTarget section */
		0F85C08017B67BDD00922D58 /* AFFNetworkingTestHarness */ = {
			isa = PBXNativeTarget;
			buildConfigurationList = 0F85C0A417B67BDD00922D58 /* Build configuration list for PBXNativeTarget "AFFNetworkingTestHarness" */;
			buildPhases = (
				0F85C07D17B67BDD00922D58 /* Sources */,
				0F85C07E17B67BDD00922D58 /* Frameworks */,
				0F85C07F17B67BDD00922D58 /* Resources */,
			);
			buildRules = (
			);
			dependencies = (
			);
			name = AFFNetworkingTestHarness;
			productName = AFFNetworkingTestHarness;
			productReference = 0F85C08117B67BDD00922D58 /* AFFNetworkingTestHarness.app */;
			productType = "com.apple.product-type.application";
		};
		0F8F996A17B1C02A00671F6F /* AFFNetworking */ = {
			isa = PBXNativeTarget;
			buildConfigurationList = 0F8F997917B1C02A00671F6F /* Build configuration list for PBXNativeTarget "AFFNetworking" */;
			buildPhases = (
				0F8F996717B1C02A00671F6F /* Sources */,
				0F8F996817B1C02A00671F6F /* Frameworks */,
				0F8F996917B1C02A00671F6F /* CopyFiles */,
			);
			buildRules = (
			);
			dependencies = (
			);
			name = AFFNetworking;
			productName = AFFNetworking;
			productReference = 0F8F996B17B1C02A00671F6F /* libAFFNetworking.a */;
			productType = "com.apple.product-type.library.static";
		};
		0FBEF8B217C1C719009F0640 /* AFFNetworking-Resources */ = {
			isa = PBXNativeTarget;
			buildConfigurationList = 0FBEF8BF17C1C71A009F0640 /* Build configuration list for PBXNativeTarget "AFFNetworking-Resources" */;
			buildPhases = (
				0FBEF8AF17C1C719009F0640 /* Sources */,
				0FBEF8B017C1C719009F0640 /* Frameworks */,
				0FBEF8B117C1C719009F0640 /* Resources */,
			);
			buildRules = (
			);
			dependencies = (
			);
			name = "AFFNetworking-Resources";
			productName = "AFFNetworking-Resources";
			productReference = 0FBEF8B317C1C719009F0640 /* AFFNetworking-Resources.bundle */;
			productType = "com.apple.product-type.bundle";
		};
/* End PBXNativeTarget section */

/* Begin PBXProject section */
		0F8F996317B1C02A00671F6F /* Project object */ = {
			isa = PBXProject;
			attributes = {
				LastUpgradeCheck = 0460;
				ORGANIZATIONNAME = AFApps;
			};
			buildConfigurationList = 0F8F996617B1C02A00671F6F /* Build configuration list for PBXProject "AFFNetworking" */;
			compatibilityVersion = "Xcode 3.2";
			developmentRegion = English;
			hasScannedForEncodings = 0;
			knownRegions = (
				en,
			);
			mainGroup = 0F8F996217B1C02A00671F6F;
			productRefGroup = 0F8F996C17B1C02A00671F6F /* Products */;
			projectDirPath = "";
			projectRoot = "";
			targets = (
				0F8F996A17B1C02A00671F6F /* AFFNetworking */,
				0F85C08017B67BDD00922D58 /* AFFNetworkingTestHarness */,
				0FBEF8B217C1C719009F0640 /* AFFNetworking-Resources */,
			);
		};
/* End PBXProject section */

/* Begin PBXResourcesBuildPhase section */
		0F85C07F17B67BDD00922D58 /* Resources */ = {
			isa = PBXResourcesBuildPhase;
			buildActionMask = 2147483647;
			files = (
				0F85C08C17B67BDD00922D58 /* InfoPlist.strings in Resources */,
				0F85C09417B67BDD00922D58 /* Default.png in Resources */,
				0F85C09617B67BDD00922D58 /* Default@2x.png in Resources */,
				0F85C09817B67BDD00922D58 /* Default-568h@2x.png in Resources */,
				0F41DECA17C5AF2A001B0205 /* logo.png in Resources */,
			);
			runOnlyForDeploymentPostprocessing = 0;
		};
		0FBEF8B117C1C719009F0640 /* Resources */ = {
			isa = PBXResourcesBuildPhase;
			buildActionMask = 2147483647;
			files = (
				0F2CF77017D94891008D518B /* UIImageView+AFFNImage.h in Resources */,
				0F2CF77117D94891008D518B /* AFFNImageManager.h in Resources */,
				0FBEF8C017C1C76C009F0640 /* AFFNCallbackObject.h in Resources */,
				0FBEF8C217C1C76C009F0640 /* AFFNManager.h in Resources */,
				0FBEF8C417C1C76C009F0640 /* AFFNRequest.h in Resources */,
				0FBEF8C617C1C76C009F0640 /* AFFNStreamingRequest.h in Resources */,
			);
			runOnlyForDeploymentPostprocessing = 0;
		};
/* End PBXResourcesBuildPhase section */

/* Begin PBXSourcesBuildPhase section */
		0F85C07D17B67BDD00922D58 /* Sources */ = {
			isa = PBXSourcesBuildPhase;
			buildActionMask = 2147483647;
			files = (
				0F85C08E17B67BDD00922D58 /* main.m in Sources */,
				0F85C09217B67BDD00922D58 /* AppDelegate.m in Sources */,
				76DB151917BF37D900CE127E /* AFFNCallbackObject.m in Sources */,
				76DB151B17BF37D900CE127E /* AFFNManager.m in Sources */,
				76DB151D17BF37D900CE127E /* AFFNRequest.m in Sources */,
				0F2F182D17C04E63005A411F /* AFFNStreamingRequest.m in Sources */,
				0FBC9BCB17C4642100FEFEC8 /* UIImageView+AFFNImage.m in Sources */,
				0FBC9BCF17C4644700FEFEC8 /* AFFNImageManager.m in Sources */,
				0F41DEC817C5ACF1001B0205 /* ViewController.m in Sources */,
			);
			runOnlyForDeploymentPostprocessing = 0;
		};
		0F8F996717B1C02A00671F6F /* Sources */ = {
			isa = PBXSourcesBuildPhase;
			buildActionMask = 2147483647;
			files = (
				76DB151817BF37D900CE127E /* AFFNCallbackObject.m in Sources */,
				76DB151A17BF37D900CE127E /* AFFNManager.m in Sources */,
				76DB151C17BF37D900CE127E /* AFFNRequest.m in Sources */,
				0F2F182C17C039EA005A411F /* AFFNStreamingRequest.m in Sources */,
				0FBC9BC917C4640400FEFEC8 /* UIImageView+AFFNImage.m in Sources */,
				0FBC9BCE17C4644700FEFEC8 /* AFFNImageManager.m in Sources */,
			);
			runOnlyForDeploymentPostprocessing = 0;
		};
		0FBEF8AF17C1C719009F0640 /* Sources */ = {
			isa = PBXSourcesBuildPhase;
			buildActionMask = 2147483647;
			files = (
			);
			runOnlyForDeploymentPostprocessing = 0;
		};
/* End PBXSourcesBuildPhase section */

/* Begin PBXVariantGroup section */
		0F85C08A17B67BDD00922D58 /* InfoPlist.strings */ = {
			isa = PBXVariantGroup;
			children = (
				0F85C08B17B67BDD00922D58 /* en */,
			);
			name = InfoPlist.strings;
			sourceTree = "<group>";
		};
		0FBEF8B917C1C71A009F0640 /* InfoPlist.strings */ = {
			isa = PBXVariantGroup;
			children = (
				0FBEF8BA17C1C71A009F0640 /* en */,
			);
			name = InfoPlist.strings;
			sourceTree = "<group>";
		};
/* End PBXVariantGroup section */

/* Begin XCBuildConfiguration section */
		0F85C0A217B67BDD00922D58 /* Debug */ = {
			isa = XCBuildConfiguration;
			buildSettings = {
				CLANG_ENABLE_OBJC_ARC = NO;
				"CODE_SIGN_IDENTITY[sdk=iphoneos*]" = "iPhone Developer";
				GCC_PRECOMPILE_PREFIX_HEADER = YES;
				GCC_PREFIX_HEADER = "AFFNetworkingTestHarness/AFFNetworkingTestHarness-Prefix.pch";
				INFOPLIST_FILE = "AFFNetworkingTestHarness/AFFNetworkingTestHarness-Info.plist";
				IPHONEOS_DEPLOYMENT_TARGET = 7.0;
				PRODUCT_NAME = "$(TARGET_NAME)";
				TARGETED_DEVICE_FAMILY = "1,2";
				WRAPPER_EXTENSION = app;
			};
			name = Debug;
		};
		0F85C0A317B67BDD00922D58 /* Release */ = {
			isa = XCBuildConfiguration;
			buildSettings = {
				CLANG_ENABLE_OBJC_ARC = NO;
				"CODE_SIGN_IDENTITY[sdk=iphoneos*]" = "iPhone Developer";
				GCC_PRECOMPILE_PREFIX_HEADER = YES;
				GCC_PREFIX_HEADER = "AFFNetworkingTestHarness/AFFNetworkingTestHarness-Prefix.pch";
				INFOPLIST_FILE = "AFFNetworkingTestHarness/AFFNetworkingTestHarness-Info.plist";
				IPHONEOS_DEPLOYMENT_TARGET = 7.0;
				OTHER_CFLAGS = "-DNS_BLOCK_ASSERTIONS=1";
				PRODUCT_NAME = "$(TARGET_NAME)";
				TARGETED_DEVICE_FAMILY = "1,2";
				WRAPPER_EXTENSION = app;
			};
			name = Release;
		};
		0F8F997717B1C02A00671F6F /* Debug */ = {
			isa = XCBuildConfiguration;
			buildSettings = {
				ALWAYS_SEARCH_USER_PATHS = NO;
				CLANG_CXX_LANGUAGE_STANDARD = "gnu++0x";
				CLANG_CXX_LIBRARY = "libc++";
				CLANG_ENABLE_OBJC_ARC = YES;
				CLANG_WARN_CONSTANT_CONVERSION = YES;
				CLANG_WARN_EMPTY_BODY = YES;
				CLANG_WARN_ENUM_CONVERSION = YES;
				CLANG_WARN_INT_CONVERSION = YES;
				CLANG_WARN__DUPLICATE_METHOD_MATCH = YES;
				COPY_PHASE_STRIP = NO;
				GCC_C_LANGUAGE_STANDARD = gnu99;
				GCC_DYNAMIC_NO_PIC = NO;
				GCC_OPTIMIZATION_LEVEL = 0;
				GCC_PREPROCESSOR_DEFINITIONS = (
					"DEBUG=1",
					"$(inherited)",
				);
				GCC_SYMBOLS_PRIVATE_EXTERN = NO;
				GCC_WARN_ABOUT_RETURN_TYPE = YES;
				GCC_WARN_UNINITIALIZED_AUTOS = YES;
				GCC_WARN_UNUSED_VARIABLE = YES;
				IPHONEOS_DEPLOYMENT_TARGET = 7.0;
				ONLY_ACTIVE_ARCH = YES;
				SDKROOT = iphoneos;
			};
			name = Debug;
		};
		0F8F997817B1C02A00671F6F /* Release */ = {
			isa = XCBuildConfiguration;
			buildSettings = {
				ALWAYS_SEARCH_USER_PATHS = NO;
				CLANG_CXX_LANGUAGE_STANDARD = "gnu++0x";
				CLANG_CXX_LIBRARY = "libc++";
				CLANG_ENABLE_OBJC_ARC = YES;
				CLANG_WARN_CONSTANT_CONVERSION = YES;
				CLANG_WARN_EMPTY_BODY = YES;
				CLANG_WARN_ENUM_CONVERSION = YES;
				CLANG_WARN_INT_CONVERSION = YES;
				CLANG_WARN__DUPLICATE_METHOD_MATCH = YES;
				COPY_PHASE_STRIP = YES;
				GCC_C_LANGUAGE_STANDARD = gnu99;
				GCC_WARN_ABOUT_RETURN_TYPE = YES;
				GCC_WARN_UNINITIALIZED_AUTOS = YES;
				GCC_WARN_UNUSED_VARIABLE = YES;
				IPHONEOS_DEPLOYMENT_TARGET = 7.0;
				SDKROOT = iphoneos;
				VALIDATE_PRODUCT = YES;
			};
			name = Release;
		};
		0F8F997A17B1C02A00671F6F /* Debug */ = {
			isa = XCBuildConfiguration;
			buildSettings = {
				CLANG_ENABLE_OBJC_ARC = NO;
				DSTROOT = /tmp/AFFNetworking.dst;
				GCC_PRECOMPILE_PREFIX_HEADER = YES;
				GCC_PREFIX_HEADER = "AFFNetworking/AFFNetworking-Prefix.pch";
				IPHONEOS_DEPLOYMENT_TARGET = 7.0;
				OTHER_LDFLAGS = "-ObjC";
				PRODUCT_NAME = "$(TARGET_NAME)";
				SKIP_INSTALL = YES;
			};
			name = Debug;
		};
		0F8F997B17B1C02A00671F6F /* Release */ = {
			isa = XCBuildConfiguration;
			buildSettings = {
				CLANG_ENABLE_OBJC_ARC = NO;
				DSTROOT = /tmp/AFFNetworking.dst;
				GCC_PRECOMPILE_PREFIX_HEADER = YES;
				GCC_PREFIX_HEADER = "AFFNetworking/AFFNetworking-Prefix.pch";
				IPHONEOS_DEPLOYMENT_TARGET = 7.0;
				OTHER_LDFLAGS = "-ObjC";
				PRODUCT_NAME = "$(TARGET_NAME)";
				SKIP_INSTALL = YES;
			};
			name = Release;
		};
		0FBEF8BD17C1C71A009F0640 /* Debug */ = {
			isa = XCBuildConfiguration;
			buildSettings = {
				ARCHS = "$(ARCHS_STANDARD_64_BIT)";
				CLANG_ENABLE_OBJC_ARC = NO;
				COMBINE_HIDPI_IMAGES = YES;
				GCC_ENABLE_OBJC_EXCEPTIONS = YES;
				GCC_PRECOMPILE_PREFIX_HEADER = YES;
				GCC_PREFIX_HEADER = "AFFNetworking-Resources/AFFNetworking-Resources-Prefix.pch";
				GCC_WARN_64_TO_32_BIT_CONVERSION = YES;
				INFOPLIST_FILE = "AFFNetworking-Resources/AFFNetworking-Resources-Info.plist";
				INSTALL_PATH = "$(LOCAL_LIBRARY_DIR)/Bundles";
				IPHONEOS_DEPLOYMENT_TARGET = 7.0;
				MACOSX_DEPLOYMENT_TARGET = 10.8;
				PRODUCT_NAME = "$(TARGET_NAME)";
				SDKROOT = iphoneos;
				WRAPPER_EXTENSION = bundle;
			};
			name = Debug;
		};
		0FBEF8BE17C1C71A009F0640 /* Release */ = {
			isa = XCBuildConfiguration;
			buildSettings = {
				ARCHS = "$(ARCHS_STANDARD_64_BIT)";
				CLANG_ENABLE_OBJC_ARC = NO;
				COMBINE_HIDPI_IMAGES = YES;
				DEBUG_INFORMATION_FORMAT = "dwarf-with-dsym";
				GCC_ENABLE_OBJC_EXCEPTIONS = YES;
				GCC_PRECOMPILE_PREFIX_HEADER = YES;
				GCC_PREFIX_HEADER = "AFFNetworking-Resources/AFFNetworking-Resources-Prefix.pch";
				GCC_WARN_64_TO_32_BIT_CONVERSION = YES;
				INFOPLIST_FILE = "AFFNetworking-Resources/AFFNetworking-Resources-Info.plist";
				INSTALL_PATH = "$(LOCAL_LIBRARY_DIR)/Bundles";
				IPHONEOS_DEPLOYMENT_TARGET = 7.0;
				MACOSX_DEPLOYMENT_TARGET = 10.8;
				PRODUCT_NAME = "$(TARGET_NAME)";
				SDKROOT = iphoneos;
				WRAPPER_EXTENSION = bundle;
			};
			name = Release;
		};
/* End XCBuildConfiguration section */

/* Begin XCConfigurationList section */
		0F85C0A417B67BDD00922D58 /* Build configuration list for PBXNativeTarget "AFFNetworkingTestHarness" */ = {
			isa = XCConfigurationList;
			buildConfigurations = (
				0F85C0A217B67BDD00922D58 /* Debug */,
				0F85C0A317B67BDD00922D58 /* Release */,
			);
			defaultConfigurationIsVisible = 0;
			defaultConfigurationName = Release;
		};
		0F8F996617B1C02A00671F6F /* Build configuration list for PBXProject "AFFNetworking" */ = {
			isa = XCConfigurationList;
			buildConfigurations = (
				0F8F997717B1C02A00671F6F /* Debug */,
				0F8F997817B1C02A00671F6F /* Release */,
			);
			defaultConfigurationIsVisible = 0;
			defaultConfigurationName = Release;
		};
		0F8F997917B1C02A00671F6F /* Build configuration list for PBXNativeTarget "AFFNetworking" */ = {
			isa = XCConfigurationList;
			buildConfigurations = (
				0F8F997A17B1C02A00671F6F /* Debug */,
				0F8F997B17B1C02A00671F6F /* Release */,
			);
			defaultConfigurationIsVisible = 0;
			defaultConfigurationName = Release;
		};
		0FBEF8BF17C1C71A009F0640 /* Build configuration list for PBXNativeTarget "AFFNetworking-Resources" */ = {
			isa = XCConfigurationList;
			buildConfigurations = (
				0FBEF8BD17C1C71A009F0640 /* Debug */,
				0FBEF8BE17C1C71A009F0640 /* Release */,
			);
			defaultConfigurationIsVisible = 0;
			defaultConfigurationName = Release;
		};
/* End XCConfigurationList section */
	};
	rootObject = 0F8F996317B1C02A00671F6F /* Project object */;
}
